
Microsoft Visual Studio Solution File, Format Version 12.00
# Visual Studio Version 16
VisualStudioVersion = 16.0.30320.27
MinimumVisualStudioVersion = 10.0.40219.1
Project("{FAE04EC0-301F-11D3-BF4B-00C04F79EFBC}") = "StackQueueDemo", "StackQueueDemo.csproj", "{4036B5DD-D446-4D1B-A2DF-4879B09D763B}"
EndProject
Global
	GlobalSection(SolutionConfigurationPlatforms) = preSolution
		Debug|Any CPU = Debug|Any CPU
		Release|Any CPU = Release|Any CPU
	EndGlobalSection
	GlobalSection(ProjectConfigurationPlatforms) = postSolution
		{4036B5DD-D446-4D1B-A2DF-4879B09D763B}.Debug|Any CPU.ActiveCfg = Debug|Any CPU
		{4036B5DD-D446-4D1B-A2DF-4879B09D763B}.Debug|Any CPU.Build.0 = Debug|Any CPU
		{4036B5DD-D446-4D1B-A2DF-4879B09D763B}.Release|Any CPU.ActiveCfg = Release|Any CPU
		{4036B5DD-D446-4D1B-A2DF-4879B09D763B}.Release|Any CPU.Build.0 = Release|Any CPU
	EndGlobalSection
	GlobalSection(SolutionProperties) = preSolution
		HideSolutionNode = FALSE
	EndGlobalSection
	GlobalSection(ExtensibilityGlobals) = postSolution
		SolutionGuid = {627F163A-1E1F-4D1A-A28B-18180384DF04}
	EndGlobalSection
EndGlobal
